
Microsoft Visual Studio Solution File, Format Version 12.00
# Visual Studio Version 17
VisualStudioVersion = 17.11.35219.272
MinimumVisualStudioVersion = 10.0.40219.1
Project("{2150E333-8FDC-42A3-9474-1A3956D46DE8}") = "AuthService", "AuthService", "{183B2B9B-7943-4365-9619-DB2A8A6811DD}"
EndProject
Project("{FAE04EC0-301F-11D3-BF4B-00C04F79EFBC}") = "AuthService.API", "AuthService\AuthService.API\AuthService.API.csproj", "{F56379F7-4D35-4232-AC81-80E803C5718A}"
EndProject
Project("{FAE04EC0-301F-11D3-BF4B-00C04F79EFBC}") = "AuthService.Application", "AuthService\AuthService.Application\AuthService.Application.csproj", "{0F648A26-8AF6-4AA0-8EA6-5CED745C3A24}"
EndProject
Project("{FAE04EC0-301F-11D3-BF4B-00C04F79EFBC}") = "AuthService.Domain", "AuthService\AuthService.Domain\AuthService.Domain.csproj", "{2D7F4488-8697-4AD4-B429-0540E543DFF2}"
EndProject
Project("{FAE04EC0-301F-11D3-BF4B-00C04F79EFBC}") = "AuthService.Infrastructure", "AuthService\AuthService.Infrastructure\AuthService.Infrastructure.csproj", "{D6D890EB-561B-427A-BF22-1A876053384B}"
EndProject
Project("{2150E333-8FDC-42A3-9474-1A3956D46DE8}") = "FinanceService", "FinanceService", "{BE38E52D-5C36-4926-A833-A3227F84A96C}"
EndProject
Project("{FAE04EC0-301F-11D3-BF4B-00C04F79EFBC}") = "FinanceService.API", "FinanceService\FinanceService.API\FinanceService.API.csproj", "{3E290B22-33AA-49B7-ACD1-F785D3600545}"
EndProject
Project("{FAE04EC0-301F-11D3-BF4B-00C04F79EFBC}") = "FinanceService.Application", "FinanceService\FinanceService.Application\FinanceService.Application.csproj", "{B761ABBE-64E9-40D5-9746-A5C445A4DB6C}"
EndProject
Project("{FAE04EC0-301F-11D3-BF4B-00C04F79EFBC}") = "FinanceService.Domain", "FinanceService\FinanceService.Domain\FinanceService.Domain.csproj", "{20B297EF-95FA-4877-8499-B4EE55D80534}"
EndProject
Project("{FAE04EC0-301F-11D3-BF4B-00C04F79EFBC}") = "FinanceService.Infrastructure", "FinanceService\FinanceService.Infrastructure\FinanceService.Infrastructure.csproj", "{67D7DCE2-F4B1-445F-88CE-ABCC7A98F32A}"
EndProject
Project("{2150E333-8FDC-42A3-9474-1A3956D46DE8}") = "InsightsService", "InsightsService", "{AC656EB7-92BD-4899-B445-6674EAD7B27B}"
EndProject
Project("{FAE04EC0-301F-11D3-BF4B-00C04F79EFBC}") = "InsightsService.API", "InsightsService\InsightsService.API\InsightsService.API.csproj", "{204F970B-C614-4A64-9E7A-A75B5BFD1C95}"
EndProject
Project("{FAE04EC0-301F-11D3-BF4B-00C04F79EFBC}") = "InsightsService.Application", "InsightsService\InsightsService.Application\InsightsService.Application.csproj", "{D903618F-DB25-402B-89EF-B547CA4A8165}"
EndProject
Project("{FAE04EC0-301F-11D3-BF4B-00C04F79EFBC}") = "InsightsService.Domain", "InsightsService\InsightsService.Domain\InsightsService.Domain.csproj", "{F3D61A8B-7568-48B0-8D66-211AD341A091}"
EndProject
Project("{FAE04EC0-301F-11D3-BF4B-00C04F79EFBC}") = "InsightsService.Infrastructure", "InsightsService\InsightsService.Infrastructure\InsightsService.Infrastructure.csproj", "{46C783FF-2E4C-4668-94C8-B6BDB14E29C5}"
EndProject
Global
	GlobalSection(SolutionProperties) = preSolution
		HideSolutionNode = FALSE
	EndGlobalSection
	GlobalSection(ExtensibilityGlobals) = postSolution
		SolutionGuid = {27CAC976-4843-4423-8F3A-ED113316A33B}
	EndGlobalSection
	GlobalSection(SolutionConfigurationPlatforms) = preSolution
		Debug|Any CPU = Debug|Any CPU
		Debug|x64 = Debug|x64
		Debug|x86 = Debug|x86
		Release|Any CPU = Release|Any CPU
		Release|x64 = Release|x64
		Release|x86 = Release|x86
	EndGlobalSection
	GlobalSection(ProjectConfigurationPlatforms) = postSolution
		{F56379F7-4D35-4232-AC81-80E803C5718A}.Debug|Any CPU.ActiveCfg = Debug|Any CPU
		{F56379F7-4D35-4232-AC81-80E803C5718A}.Debug|Any CPU.Build.0 = Debug|Any CPU
		{F56379F7-4D35-4232-AC81-80E803C5718A}.Debug|x64.ActiveCfg = Debug|Any CPU
		{F56379F7-4D35-4232-AC81-80E803C5718A}.Debug|x64.Build.0 = Debug|Any CPU
		{F56379F7-4D35-4232-AC81-80E803C5718A}.Debug|x86.ActiveCfg = Debug|Any CPU
		{F56379F7-4D35-4232-AC81-80E803C5718A}.Debug|x86.Build.0 = Debug|Any CPU
		{F56379F7-4D35-4232-AC81-80E803C5718A}.Release|Any CPU.ActiveCfg = Release|Any CPU
		{F56379F7-4D35-4232-AC81-80E803C5718A}.Release|Any CPU.Build.0 = Release|Any CPU
		{F56379F7-4D35-4232-AC81-80E803C5718A}.Release|x64.ActiveCfg = Release|Any CPU
		{F56379F7-4D35-4232-AC81-80E803C5718A}.Release|x64.Build.0 = Release|Any CPU
		{F56379F7-4D35-4232-AC81-80E803C5718A}.Release|x86.ActiveCfg = Release|Any CPU
		{F56379F7-4D35-4232-AC81-80E803C5718A}.Release|x86.Build.0 = Release|Any CPU
		{0F648A26-8AF6-4AA0-8EA6-5CED745C3A24}.Debug|Any CPU.ActiveCfg = Debug|Any CPU
		{0F648A26-8AF6-4AA0-8EA6-5CED745C3A24}.Debug|Any CPU.Build.0 = Debug|Any CPU
		{0F648A26-8AF6-4AA0-8EA6-5CED745C3A24}.Debug|x64.ActiveCfg = Debug|Any CPU
		{0F648A26-8AF6-4AA0-8EA6-5CED745C3A24}.Debug|x64.Build.0 = Debug|Any CPU
		{0F648A26-8AF6-4AA0-8EA6-5CED745C3A24}.Debug|x86.ActiveCfg = Debug|Any CPU
		{0F648A26-8AF6-4AA0-8EA6-5CED745C3A24}.Debug|x86.Build.0 = Debug|Any CPU
		{0F648A26-8AF6-4AA0-8EA6-5CED745C3A24}.Release|Any CPU.ActiveCfg = Release|Any CPU
		{0F648A26-8AF6-4AA0-8EA6-5CED745C3A24}.Release|Any CPU.Build.0 = Release|Any CPU
		{0F648A26-8AF6-4AA0-8EA6-5CED745C3A24}.Release|x64.ActiveCfg = Release|Any CPU
		{0F648A26-8AF6-4AA0-8EA6-5CED745C3A24}.Release|x64.Build.0 = Release|Any CPU
		{0F648A26-8AF6-4AA0-8EA6-5CED745C3A24}.Release|x86.ActiveCfg = Release|Any CPU
		{0F648A26-8AF6-4AA0-8EA6-5CED745C3A24}.Release|x86.Build.0 = Release|Any CPU
		{2D7F4488-8697-4AD4-B429-0540E543DFF2}.Debug|Any CPU.ActiveCfg = Debug|Any CPU
		{2D7F4488-8697-4AD4-B429-0540E543DFF2}.Debug|Any CPU.Build.0 = Debug|Any CPU
		{2D7F4488-8697-4AD4-B429-0540E543DFF2}.Debug|x64.ActiveCfg = Debug|Any CPU
		{2D7F4488-8697-4AD4-B429-0540E543DFF2}.Debug|x64.Build.0 = Debug|Any CPU
		{2D7F4488-8697-4AD4-B429-0540E543DFF2}.Debug|x86.ActiveCfg = Debug|Any CPU
		{2D7F4488-8697-4AD4-B429-0540E543DFF2}.Debug|x86.Build.0 = Debug|Any CPU
		{2D7F4488-8697-4AD4-B429-0540E543DFF2}.Release|Any CPU.ActiveCfg = Release|Any CPU
		{2D7F4488-8697-4AD4-B429-0540E543DFF2}.Release|Any CPU.Build.0 = Release|Any CPU
		{2D7F4488-8697-4AD4-B429-0540E543DFF2}.Release|x64.ActiveCfg = Release|Any CPU
		{2D7F4488-8697-4AD4-B429-0540E543DFF2}.Release|x64.Build.0 = Release|Any CPU
		{2D7F4488-8697-4AD4-B429-0540E543DFF2}.Release|x86.ActiveCfg = Release|Any CPU
		{2D7F4488-8697-4AD4-B429-0540E543DFF2}.Release|x86.Build.0 = Release|Any CPU
		{D6D890EB-561B-427A-BF22-1A876053384B}.Debug|Any CPU.ActiveCfg = Debug|Any CPU
		{D6D890EB-561B-427A-BF22-1A876053384B}.Debug|Any CPU.Build.0 = Debug|Any CPU
		{D6D890EB-561B-427A-BF22-1A876053384B}.Debug|x64.ActiveCfg = Debug|Any CPU
		{D6D890EB-561B-427A-BF22-1A876053384B}.Debug|x64.Build.0 = Debug|Any CPU
		{D6D890EB-561B-427A-BF22-1A876053384B}.Debug|x86.ActiveCfg = Debug|Any CPU
		{D6D890EB-561B-427A-BF22-1A876053384B}.Debug|x86.Build.0 = Debug|Any CPU
		{D6D890EB-561B-427A-BF22-1A876053384B}.Release|Any CPU.ActiveCfg = Release|Any CPU
		{D6D890EB-561B-427A-BF22-1A876053384B}.Release|Any CPU.Build.0 = Release|Any CPU
		{D6D890EB-561B-427A-BF22-1A876053384B}.Release|x64.ActiveCfg = Release|Any CPU
		{D6D890EB-561B-427A-BF22-1A876053384B}.Release|x64.Build.0 = Release|Any CPU
		{D6D890EB-561B-427A-BF22-1A876053384B}.Release|x86.ActiveCfg = Release|Any CPU
		{D6D890EB-561B-427A-BF22-1A876053384B}.Release|x86.Build.0 = Release|Any CPU
		{3E290B22-33AA-49B7-ACD1-F785D3600545}.Debug|Any CPU.ActiveCfg = Debug|Any CPU
		{3E290B22-33AA-49B7-ACD1-F785D3600545}.Debug|Any CPU.Build.0 = Debug|Any CPU
		{3E290B22-33AA-49B7-ACD1-F785D3600545}.Debug|x64.ActiveCfg = Debug|Any CPU
		{3E290B22-33AA-49B7-ACD1-F785D3600545}.Debug|x64.Build.0 = Debug|Any CPU
		{3E290B22-33AA-49B7-ACD1-F785D3600545}.Debug|x86.ActiveCfg = Debug|Any CPU
		{3E290B22-33AA-49B7-ACD1-F785D3600545}.Debug|x86.Build.0 = Debug|Any CPU
		{3E290B22-33AA-49B7-ACD1-F785D3600545}.Release|Any CPU.ActiveCfg = Release|Any CPU
		{3E290B22-33AA-49B7-ACD1-F785D3600545}.Release|Any CPU.Build.0 = Release|Any CPU
		{3E290B22-33AA-49B7-ACD1-F785D3600545}.Release|x64.ActiveCfg = Release|Any CPU
		{3E290B22-33AA-49B7-ACD1-F785D3600545}.Release|x64.Build.0 = Release|Any CPU
		{3E290B22-33AA-49B7-ACD1-F785D3600545}.Release|x86.ActiveCfg = Release|Any CPU
		{3E290B22-33AA-49B7-ACD1-F785D3600545}.Release|x86.Build.0 = Release|Any CPU
		{B761ABBE-64E9-40D5-9746-A5C445A4DB6C}.Debug|Any CPU.ActiveCfg = Debug|Any CPU
		{B761ABBE-64E9-40D5-9746-A5C445A4DB6C}.Debug|Any CPU.Build.0 = Debug|Any CPU
		{B761ABBE-64E9-40D5-9746-A5C445A4DB6C}.Debug|x64.ActiveCfg = Debug|Any CPU
		{B761ABBE-64E9-40D5-9746-A5C445A4DB6C}.Debug|x64.Build.0 = Debug|Any CPU
		{B761ABBE-64E9-40D5-9746-A5C445A4DB6C}.Debug|x86.ActiveCfg = Debug|Any CPU
		{B761ABBE-64E9-40D5-9746-A5C445A4DB6C}.Debug|x86.Build.0 = Debug|Any CPU
		{B761ABBE-64E9-40D5-9746-A5C445A4DB6C}.Release|Any CPU.ActiveCfg = Release|Any CPU
		{B761ABBE-64E9-40D5-9746-A5C445A4DB6C}.Release|Any CPU.Build.0 = Release|Any CPU
		{B761ABBE-64E9-40D5-9746-A5C445A4DB6C}.Release|x64.ActiveCfg = Release|Any CPU
		{B761ABBE-64E9-40D5-9746-A5C445A4DB6C}.Release|x64.Build.0 = Release|Any CPU
		{B761ABBE-64E9-40D5-9746-A5C445A4DB6C}.Release|x86.ActiveCfg = Release|Any CPU
		{B761ABBE-64E9-40D5-9746-A5C445A4DB6C}.Release|x86.Build.0 = Release|Any CPU
		{20B297EF-95FA-4877-8499-B4EE55D80534}.Debug|Any CPU.ActiveCfg = Debug|Any CPU
		{20B297EF-95FA-4877-8499-B4EE55D80534}.Debug|Any CPU.Build.0 = Debug|Any CPU
		{20B297EF-95FA-4877-8499-B4EE55D80534}.Debug|x64.ActiveCfg = Debug|Any CPU
		{20B297EF-95FA-4877-8499-B4EE55D80534}.Debug|x64.Build.0 = Debug|Any CPU
		{20B297EF-95FA-4877-8499-B4EE55D80534}.Debug|x86.ActiveCfg = Debug|Any CPU
		{20B297EF-95FA-4877-8499-B4EE55D80534}.Debug|x86.Build.0 = Debug|Any CPU
		{20B297EF-95FA-4877-8499-B4EE55D80534}.Release|Any CPU.ActiveCfg = Release|Any CPU
		{20B297EF-95FA-4877-8499-B4EE55D80534}.Release|Any CPU.Build.0 = Release|Any CPU
		{20B297EF-95FA-4877-8499-B4EE55D80534}.Release|x64.ActiveCfg = Release|Any CPU
		{20B297EF-95FA-4877-8499-B4EE55D80534}.Release|x64.Build.0 = Release|Any CPU
		{20B297EF-95FA-4877-8499-B4EE55D80534}.Release|x86.ActiveCfg = Release|Any CPU
		{20B297EF-95FA-4877-8499-B4EE55D80534}.Release|x86.Build.0 = Release|Any CPU
		{67D7DCE2-F4B1-445F-88CE-ABCC7A98F32A}.Debug|Any CPU.ActiveCfg = Debug|Any CPU
		{67D7DCE2-F4B1-445F-88CE-ABCC7A98F32A}.Debug|Any CPU.Build.0 = Debug|Any CPU
		{67D7DCE2-F4B1-445F-88CE-ABCC7A98F32A}.Debug|x64.ActiveCfg = Debug|Any CPU
		{67D7DCE2-F4B1-445F-88CE-ABCC7A98F32A}.Debug|x64.Build.0 = Debug|Any CPU
		{67D7DCE2-F4B1-445F-88CE-ABCC7A98F32A}.Debug|x86.ActiveCfg = Debug|Any CPU
		{67D7DCE2-F4B1-445F-88CE-ABCC7A98F32A}.Debug|x86.Build.0 = Debug|Any CPU
		{67D7DCE2-F4B1-445F-88CE-ABCC7A98F32A}.Release|Any CPU.ActiveCfg = Release|Any CPU
		{67D7DCE2-F4B1-445F-88CE-ABCC7A98F32A}.Release|Any CPU.Build.0 = Release|Any CPU
		{67D7DCE2-F4B1-445F-88CE-ABCC7A98F32A}.Release|x64.ActiveCfg = Release|Any CPU
		{67D7DCE2-F4B1-445F-88CE-ABCC7A98F32A}.Release|x64.Build.0 = Release|Any CPU
		{67D7DCE2-F4B1-445F-88CE-ABCC7A98F32A}.Release|x86.ActiveCfg = Release|Any CPU
		{67D7DCE2-F4B1-445F-88CE-ABCC7A98F32A}.Release|x86.Build.0 = Release|Any CPU
		{204F970B-C614-4A64-9E7A-A75B5BFD1C95}.Debug|Any CPU.ActiveCfg = Debug|Any CPU
		{204F970B-C614-4A64-9E7A-A75B5BFD1C95}.Debug|Any CPU.Build.0 = Debug|Any CPU
		{204F970B-C614-4A64-9E7A-A75B5BFD1C95}.Debug|x64.ActiveCfg = Debug|Any CPU
		{204F970B-C614-4A64-9E7A-A75B5BFD1C95}.Debug|x64.Build.0 = Debug|Any CPU
		{204F970B-C614-4A64-9E7A-A75B5BFD1C95}.Debug|x86.ActiveCfg = Debug|Any CPU
		{204F970B-C614-4A64-9E7A-A75B5BFD1C95}.Debug|x86.Build.0 = Debug|Any CPU
		{204F970B-C614-4A64-9E7A-A75B5BFD1C95}.Release|Any CPU.ActiveCfg = Release|Any CPU
		{204F970B-C614-4A64-9E7A-A75B5BFD1C95}.Release|Any CPU.Build.0 = Release|Any CPU
		{204F970B-C614-4A64-9E7A-A75B5BFD1C95}.Release|x64.ActiveCfg = Release|Any CPU
		{204F970B-C614-4A64-9E7A-A75B5BFD1C95}.Release|x64.Build.0 = Release|Any CPU
		{204F970B-C614-4A64-9E7A-A75B5BFD1C95}.Release|x86.ActiveCfg = Release|Any CPU
		{204F970B-C614-4A64-9E7A-A75B5BFD1C95}.Release|x86.Build.0 = Release|Any CPU
		{D903618F-DB25-402B-89EF-B547CA4A8165}.Debug|Any CPU.ActiveCfg = Debug|Any CPU
		{D903618F-DB25-402B-89EF-B547CA4A8165}.Debug|Any CPU.Build.0 = Debug|Any CPU
		{D903618F-DB25-402B-89EF-B547CA4A8165}.Debug|x64.ActiveCfg = Debug|Any CPU
		{D903618F-DB25-402B-89EF-B547CA4A8165}.Debug|x64.Build.0 = Debug|Any CPU
		{D903618F-DB25-402B-89EF-B547CA4A8165}.Debug|x86.ActiveCfg = Debug|Any CPU
		{D903618F-DB25-402B-89EF-B547CA4A8165}.Debug|x86.Build.0 = Debug|Any CPU
		{D903618F-DB25-402B-89EF-B547CA4A8165}.Release|Any CPU.ActiveCfg = Release|Any CPU
		{D903618F-DB25-402B-89EF-B547CA4A8165}.Release|Any CPU.Build.0 = Release|Any CPU
		{D903618F-DB25-402B-89EF-B547CA4A8165}.Release|x64.ActiveCfg = Release|Any CPU
		{D903618F-DB25-402B-89EF-B547CA4A8165}.Release|x64.Build.0 = Release|Any CPU
		{D903618F-DB25-402B-89EF-B547CA4A8165}.Release|x86.ActiveCfg = Release|Any CPU
		{D903618F-DB25-402B-89EF-B547CA4A8165}.Release|x86.Build.0 = Release|Any CPU
		{F3D61A8B-7568-48B0-8D66-211AD341A091}.Debug|Any CPU.ActiveCfg = Debug|Any CPU
		{F3D61A8B-7568-48B0-8D66-211AD341A091}.Debug|Any CPU.Build.0 = Debug|Any CPU
		{F3D61A8B-7568-48B0-8D66-211AD341A091}.Debug|x64.ActiveCfg = Debug|Any CPU
		{F3D61A8B-7568-48B0-8D66-211AD341A091}.Debug|x64.Build.0 = Debug|Any CPU
		{F3D61A8B-7568-48B0-8D66-211AD341A091}.Debug|x86.ActiveCfg = Debug|Any CPU
		{F3D61A8B-7568-48B0-8D66-211AD341A091}.Debug|x86.Build.0 = Debug|Any CPU
		{F3D61A8B-7568-48B0-8D66-211AD341A091}.Release|Any CPU.ActiveCfg = Release|Any CPU
		{F3D61A8B-7568-48B0-8D66-211AD341A091}.Release|Any CPU.Build.0 = Release|Any CPU
		{F3D61A8B-7568-48B0-8D66-211AD341A091}.Release|x64.ActiveCfg = Release|Any CPU
		{F3D61A8B-7568-48B0-8D66-211AD341A091}.Release|x64.Build.0 = Release|Any CPU
		{F3D61A8B-7568-48B0-8D66-211AD341A091}.Release|x86.ActiveCfg = Release|Any CPU
		{F3D61A8B-7568-48B0-8D66-211AD341A091}.Release|x86.Build.0 = Release|Any CPU
		{46C783FF-2E4C-4668-94C8-B6BDB14E29C5}.Debug|Any CPU.ActiveCfg = Debug|Any CPU
		{46C783FF-2E4C-4668-94C8-B6BDB14E29C5}.Debug|Any CPU.Build.0 = Debug|Any CPU
		{46C783FF-2E4C-4668-94C8-B6BDB14E29C5}.Debug|x64.ActiveCfg = Debug|Any CPU
		{46C783FF-2E4C-4668-94C8-B6BDB14E29C5}.Debug|x64.Build.0 = Debug|Any CPU
		{46C783FF-2E4C-4668-94C8-B6BDB14E29C5}.Debug|x86.ActiveCfg = Debug|Any CPU
		{46C783FF-2E4C-4668-94C8-B6BDB14E29C5}.Debug|x86.Build.0 = Debug|Any CPU
		{46C783FF-2E4C-4668-94C8-B6BDB14E29C5}.Release|Any CPU.ActiveCfg = Release|Any CPU
		{46C783FF-2E4C-4668-94C8-B6BDB14E29C5}.Release|Any CPU.Build.0 = Release|Any CPU
		{46C783FF-2E4C-4668-94C8-B6BDB14E29C5}.Release|x64.ActiveCfg = Release|Any CPU
		{46C783FF-2E4C-4668-94C8-B6BDB14E29C5}.Release|x64.Build.0 = Release|Any CPU
		{46C783FF-2E4C-4668-94C8-B6BDB14E29C5}.Release|x86.ActiveCfg = Release|Any CPU
		{46C783FF-2E4C-4668-94C8-B6BDB14E29C5}.Release|x86.Build.0 = Release|Any CPU
	EndGlobalSection
	GlobalSection(NestedProjects) = preSolution
		{F56379F7-4D35-4232-AC81-80E803C5718A} = {183B2B9B-7943-4365-9619-DB2A8A6811DD}
		{0F648A26-8AF6-4AA0-8EA6-5CED745C3A24} = {183B2B9B-7943-4365-9619-DB2A8A6811DD}
		{2D7F4488-8697-4AD4-B429-0540E543DFF2} = {183B2B9B-7943-4365-9619-DB2A8A6811DD}
		{D6D890EB-561B-427A-BF22-1A876053384B} = {183B2B9B-7943-4365-9619-DB2A8A6811DD}
		{3E290B22-33AA-49B7-ACD1-F785D3600545} = {BE38E52D-5C36-4926-A833-A3227F84A96C}
		{B761ABBE-64E9-40D5-9746-A5C445A4DB6C} = {BE38E52D-5C36-4926-A833-A3227F84A96C}
		{20B297EF-95FA-4877-8499-B4EE55D80534} = {BE38E52D-5C36-4926-A833-A3227F84A96C}
		{67D7DCE2-F4B1-445F-88CE-ABCC7A98F32A} = {BE38E52D-5C36-4926-A833-A3227F84A96C}
		{204F970B-C614-4A64-9E7A-A75B5BFD1C95} = {AC656EB7-92BD-4899-B445-6674EAD7B27B}
		{D903618F-DB25-402B-89EF-B547CA4A8165} = {AC656EB7-92BD-4899-B445-6674EAD7B27B}
		{F3D61A8B-7568-48B0-8D66-211AD341A091} = {AC656EB7-92BD-4899-B445-6674EAD7B27B}
		{46C783FF-2E4C-4668-94C8-B6BDB14E29C5} = {AC656EB7-92BD-4899-B445-6674EAD7B27B}
	EndGlobalSection
EndGlobal
